
Microsoft Visual Studio Solution File, Format Version 12.00
# Visual Studio Version 17
VisualStudioVersion = 17.3.32825.248
MinimumVisualStudioVersion = 10.0.40219.1
Project("{FAE04EC0-301F-11D3-BF4B-00C04F79EFBC}") = "Practica4", "Practica4\Practica4.csproj", "{A28B40C6-215C-4F19-8D03-CD21A7A88716}"
EndProject
Global
	GlobalSection(SolutionConfigurationPlatforms) = preSolution
		Debug|Any CPU = Debug|Any CPU
		Release|Any CPU = Release|Any CPU
	EndGlobalSection
	GlobalSection(ProjectConfigurationPlatforms) = postSolution
		{A28B40C6-215C-4F19-8D03-CD21A7A88716}.Debug|Any CPU.ActiveCfg = Debug|Any CPU
		{A28B40C6-215C-4F19-8D03-CD21A7A88716}.Debug|Any CPU.Build.0 = Debug|Any CPU
		{A28B40C6-215C-4F19-8D03-CD21A7A88716}.Release|Any CPU.ActiveCfg = Release|Any CPU
		{A28B40C6-215C-4F19-8D03-CD21A7A88716}.Release|Any CPU.Build.0 = Release|Any CPU
	EndGlobalSection
	GlobalSection(SolutionProperties) = preSolution
		HideSolutionNode = FALSE
	EndGlobalSection
	GlobalSection(ExtensibilityGlobals) = postSolution
		SolutionGuid = {98A77044-1D95-4168-8E19-234F371C7DFF}
	EndGlobalSection
EndGlobal
